
Microsoft Visual Studio Solution File, Format Version 12.00
# Visual Studio Version 17
VisualStudioVersion = 17.10.35122.118
MinimumVisualStudioVersion = 10.0.40219.1
Project("{9A19103F-16F7-4668-BE54-9A1E7A4F7556}") = "APIArena", "APIArena\APIArena.csproj", "{4F24199F-AD0A-4C2F-915D-B810E4ED580C}"
EndProject
Global
	GlobalSection(SolutionConfigurationPlatforms) = preSolution
		Debug|Any CPU = Debug|Any CPU
		Release|Any CPU = Release|Any CPU
	EndGlobalSection
	GlobalSection(ProjectConfigurationPlatforms) = postSolution
		{4F24199F-AD0A-4C2F-915D-B810E4ED580C}.Debug|Any CPU.ActiveCfg = Debug|Any CPU
		{4F24199F-AD0A-4C2F-915D-B810E4ED580C}.Debug|Any CPU.Build.0 = Debug|Any CPU
		{4F24199F-AD0A-4C2F-915D-B810E4ED580C}.Release|Any CPU.ActiveCfg = Release|Any CPU
		{4F24199F-AD0A-4C2F-915D-B810E4ED580C}.Release|Any CPU.Build.0 = Release|Any CPU
	EndGlobalSection
	GlobalSection(SolutionProperties) = preSolution
		HideSolutionNode = FALSE
	EndGlobalSection
	GlobalSection(ExtensibilityGlobals) = postSolution
		SolutionGuid = {F9B89F3D-22E6-4785-A786-2426B8A865B7}
	EndGlobalSection
EndGlobal
